
Microsoft Visual Studio Solution File, Format Version 12.00
# Visual Studio Version 17
VisualStudioVersion = 17.9.34607.119
MinimumVisualStudioVersion = 10.0.40219.1
Project("{9A19103F-16F7-4668-BE54-9A1E7A4F7556}") = "Trie", "Trie.csproj", "{55386285-2CC6-4C26-954F-B030F1E0C7B5}"
EndProject
Project("{FAE04EC0-301F-11D3-BF4B-00C04F79EFBC}") = "Trie.Tests", "..\Trie.Tests\Trie.Tests.csproj", "{2683EDBD-A1F0-42FC-8D1B-D88CB6896AA8}"
EndProject
Global
	GlobalSection(SolutionConfigurationPlatforms) = preSolution
		Debug|Any CPU = Debug|Any CPU
		Release|Any CPU = Release|Any CPU
	EndGlobalSection
	GlobalSection(ProjectConfigurationPlatforms) = postSolution
		{55386285-2CC6-4C26-954F-B030F1E0C7B5}.Debug|Any CPU.ActiveCfg = Debug|Any CPU
		{55386285-2CC6-4C26-954F-B030F1E0C7B5}.Debug|Any CPU.Build.0 = Debug|Any CPU
		{55386285-2CC6-4C26-954F-B030F1E0C7B5}.Release|Any CPU.ActiveCfg = Release|Any CPU
		{55386285-2CC6-4C26-954F-B030F1E0C7B5}.Release|Any CPU.Build.0 = Release|Any CPU
		{2683EDBD-A1F0-42FC-8D1B-D88CB6896AA8}.Debug|Any CPU.ActiveCfg = Debug|Any CPU
		{2683EDBD-A1F0-42FC-8D1B-D88CB6896AA8}.Debug|Any CPU.Build.0 = Debug|Any CPU
		{2683EDBD-A1F0-42FC-8D1B-D88CB6896AA8}.Release|Any CPU.ActiveCfg = Release|Any CPU
		{2683EDBD-A1F0-42FC-8D1B-D88CB6896AA8}.Release|Any CPU.Build.0 = Release|Any CPU
	EndGlobalSection
	GlobalSection(SolutionProperties) = preSolution
		HideSolutionNode = FALSE
	EndGlobalSection
	GlobalSection(ExtensibilityGlobals) = postSolution
		SolutionGuid = {3668F55E-3BDF-4ECF-85A7-740EF6811861}
	EndGlobalSection
EndGlobal
